
Microsoft Visual Studio Solution File, Format Version 12.00
# Visual Studio 2013
VisualStudioVersion = 12.0.30723.0
MinimumVisualStudioVersion = 10.0.40219.1
Project("{FAE04EC0-301F-11D3-BF4B-00C04F79EFBC}") = "RssTEst", "RssTEst\RssTEst.csproj", "{F4880FBF-507E-40C1-97F1-5BDBFABD930C}"
EndProject
Project("{FAE04EC0-301F-11D3-BF4B-00C04F79EFBC}") = "ServiceRssToDB", "ServiceRssToDB\ServiceRssToDB.csproj", "{F530A9F0-214C-43D2-9A03-952BA3619BED}"
EndProject
Project("{FAE04EC0-301F-11D3-BF4B-00C04F79EFBC}") = "Readers", "..\Readers\Readers\Readers.csproj", "{C8863E5C-3BB5-428F-8848-6D5686DE41DE}"
EndProject
Project("{FAE04EC0-301F-11D3-BF4B-00C04F79EFBC}") = "RssEntity", "RssEntity\RssEntity.csproj", "{C222F80E-66CC-4888-9283-EF440C8973A8}"
EndProject
Project("{2150E333-8FDC-42A3-9474-1A3956D46DE8}") = "lib", "lib", "{DEE13E56-AEB3-426C-90A9-A36136322C4B}"
	ProjectSection(SolutionItems) = preProject
		..\..\..\..\Downloads\HtmlAgilityPack.1.4.6\Net40-client\HtmlAgilityPack.dll = ..\..\..\..\Downloads\HtmlAgilityPack.1.4.6\Net40-client\HtmlAgilityPack.dll
		..\..\..\..\Downloads\HtmlAgilityPack.1.4.6\Net40-client\HtmlAgilityPack.pdb = ..\..\..\..\Downloads\HtmlAgilityPack.1.4.6\Net40-client\HtmlAgilityPack.pdb
		..\..\..\..\Downloads\CSharpDriver-1.9\MongoDB.Bson.dll = ..\..\..\..\Downloads\CSharpDriver-1.9\MongoDB.Bson.dll
		..\..\..\..\Downloads\CSharpDriver-1.9\MongoDB.Bson.pdb = ..\..\..\..\Downloads\CSharpDriver-1.9\MongoDB.Bson.pdb
		..\..\..\..\Downloads\CSharpDriver-1.9\MongoDB.Bson.xml = ..\..\..\..\Downloads\CSharpDriver-1.9\MongoDB.Bson.xml
		..\..\..\..\Downloads\CSharpDriver-1.9\MongoDB.Driver.dll = ..\..\..\..\Downloads\CSharpDriver-1.9\MongoDB.Driver.dll
		..\..\..\..\Downloads\CSharpDriver-1.9\MongoDB.Driver.pdb = ..\..\..\..\Downloads\CSharpDriver-1.9\MongoDB.Driver.pdb
		..\..\..\..\Downloads\CSharpDriver-1.9\MongoDB.Driver.xml = ..\..\..\..\Downloads\CSharpDriver-1.9\MongoDB.Driver.xml
		..\..\..\..\Downloads\NLog-2.1.0\net40\NLog.dll = ..\..\..\..\Downloads\NLog-2.1.0\net40\NLog.dll
	EndProjectSection
EndProject
Project("{2150E333-8FDC-42A3-9474-1A3956D46DE8}") = "Older", "Older", "{1A04D37E-56C8-4D8B-989E-A3DB4031C90C}"
EndProject
Project("{FAE04EC0-301F-11D3-BF4B-00C04F79EFBC}") = "Rss", "Rss\Rss.csproj", "{C7FDB862-E667-4B96-98C6-3D6D1E53C0B8}"
EndProject
Project("{FAE04EC0-301F-11D3-BF4B-00C04F79EFBC}") = "Rss.Tests", "Rss.Tests\Rss.Tests.csproj", "{F3D209B9-4FFE-47E4-B7E7-C5561F277637}"
EndProject
Global
	GlobalSection(SolutionConfigurationPlatforms) = preSolution
		Debug|Any CPU = Debug|Any CPU
		Debug|Mixed Platforms = Debug|Mixed Platforms
		Debug|x86 = Debug|x86
		Release|Any CPU = Release|Any CPU
		Release|Mixed Platforms = Release|Mixed Platforms
		Release|x86 = Release|x86
	EndGlobalSection
	GlobalSection(ProjectConfigurationPlatforms) = postSolution
		{F4880FBF-507E-40C1-97F1-5BDBFABD930C}.Debug|Any CPU.ActiveCfg = Debug|x86
		{F4880FBF-507E-40C1-97F1-5BDBFABD930C}.Debug|Mixed Platforms.ActiveCfg = Debug|x86
		{F4880FBF-507E-40C1-97F1-5BDBFABD930C}.Debug|Mixed Platforms.Build.0 = Debug|x86
		{F4880FBF-507E-40C1-97F1-5BDBFABD930C}.Debug|x86.ActiveCfg = Debug|x86
		{F4880FBF-507E-40C1-97F1-5BDBFABD930C}.Debug|x86.Build.0 = Debug|x86
		{F4880FBF-507E-40C1-97F1-5BDBFABD930C}.Release|Any CPU.ActiveCfg = Release|x86
		{F4880FBF-507E-40C1-97F1-5BDBFABD930C}.Release|Mixed Platforms.ActiveCfg = Release|x86
		{F4880FBF-507E-40C1-97F1-5BDBFABD930C}.Release|Mixed Platforms.Build.0 = Release|x86
		{F4880FBF-507E-40C1-97F1-5BDBFABD930C}.Release|x86.ActiveCfg = Release|x86
		{F4880FBF-507E-40C1-97F1-5BDBFABD930C}.Release|x86.Build.0 = Release|x86
		{F530A9F0-214C-43D2-9A03-952BA3619BED}.Debug|Any CPU.ActiveCfg = Debug|x86
		{F530A9F0-214C-43D2-9A03-952BA3619BED}.Debug|Mixed Platforms.ActiveCfg = Debug|x86
		{F530A9F0-214C-43D2-9A03-952BA3619BED}.Debug|Mixed Platforms.Build.0 = Debug|x86
		{F530A9F0-214C-43D2-9A03-952BA3619BED}.Debug|x86.ActiveCfg = Debug|x86
		{F530A9F0-214C-43D2-9A03-952BA3619BED}.Debug|x86.Build.0 = Debug|x86
		{F530A9F0-214C-43D2-9A03-952BA3619BED}.Release|Any CPU.ActiveCfg = Release|x86
		{F530A9F0-214C-43D2-9A03-952BA3619BED}.Release|Mixed Platforms.ActiveCfg = Release|x86
		{F530A9F0-214C-43D2-9A03-952BA3619BED}.Release|Mixed Platforms.Build.0 = Release|x86
		{F530A9F0-214C-43D2-9A03-952BA3619BED}.Release|x86.ActiveCfg = Release|x86
		{F530A9F0-214C-43D2-9A03-952BA3619BED}.Release|x86.Build.0 = Release|x86
		{C8863E5C-3BB5-428F-8848-6D5686DE41DE}.Debug|Any CPU.ActiveCfg = Debug|Any CPU
		{C8863E5C-3BB5-428F-8848-6D5686DE41DE}.Debug|Any CPU.Build.0 = Debug|Any CPU
		{C8863E5C-3BB5-428F-8848-6D5686DE41DE}.Debug|Mixed Platforms.ActiveCfg = Debug|Any CPU
		{C8863E5C-3BB5-428F-8848-6D5686DE41DE}.Debug|Mixed Platforms.Build.0 = Debug|Any CPU
		{C8863E5C-3BB5-428F-8848-6D5686DE41DE}.Debug|x86.ActiveCfg = Debug|Any CPU
		{C8863E5C-3BB5-428F-8848-6D5686DE41DE}.Release|Any CPU.ActiveCfg = Release|Any CPU
		{C8863E5C-3BB5-428F-8848-6D5686DE41DE}.Release|Any CPU.Build.0 = Release|Any CPU
		{C8863E5C-3BB5-428F-8848-6D5686DE41DE}.Release|Mixed Platforms.ActiveCfg = Release|Any CPU
		{C8863E5C-3BB5-428F-8848-6D5686DE41DE}.Release|Mixed Platforms.Build.0 = Release|Any CPU
		{C8863E5C-3BB5-428F-8848-6D5686DE41DE}.Release|x86.ActiveCfg = Release|Any CPU
		{C222F80E-66CC-4888-9283-EF440C8973A8}.Debug|Any CPU.ActiveCfg = Debug|Any CPU
		{C222F80E-66CC-4888-9283-EF440C8973A8}.Debug|Any CPU.Build.0 = Debug|Any CPU
		{C222F80E-66CC-4888-9283-EF440C8973A8}.Debug|Mixed Platforms.ActiveCfg = Debug|Any CPU
		{C222F80E-66CC-4888-9283-EF440C8973A8}.Debug|Mixed Platforms.Build.0 = Debug|Any CPU
		{C222F80E-66CC-4888-9283-EF440C8973A8}.Debug|x86.ActiveCfg = Debug|Any CPU
		{C222F80E-66CC-4888-9283-EF440C8973A8}.Release|Any CPU.ActiveCfg = Release|Any CPU
		{C222F80E-66CC-4888-9283-EF440C8973A8}.Release|Any CPU.Build.0 = Release|Any CPU
		{C222F80E-66CC-4888-9283-EF440C8973A8}.Release|Mixed Platforms.ActiveCfg = Release|Any CPU
		{C222F80E-66CC-4888-9283-EF440C8973A8}.Release|Mixed Platforms.Build.0 = Release|Any CPU
		{C222F80E-66CC-4888-9283-EF440C8973A8}.Release|x86.ActiveCfg = Release|Any CPU
		{C7FDB862-E667-4B96-98C6-3D6D1E53C0B8}.Debug|Any CPU.ActiveCfg = Debug|Any CPU
		{C7FDB862-E667-4B96-98C6-3D6D1E53C0B8}.Debug|Any CPU.Build.0 = Debug|Any CPU
		{C7FDB862-E667-4B96-98C6-3D6D1E53C0B8}.Debug|Mixed Platforms.ActiveCfg = Debug|Any CPU
		{C7FDB862-E667-4B96-98C6-3D6D1E53C0B8}.Debug|Mixed Platforms.Build.0 = Debug|Any CPU
		{C7FDB862-E667-4B96-98C6-3D6D1E53C0B8}.Debug|x86.ActiveCfg = Debug|Any CPU
		{C7FDB862-E667-4B96-98C6-3D6D1E53C0B8}.Release|Any CPU.ActiveCfg = Release|Any CPU
		{C7FDB862-E667-4B96-98C6-3D6D1E53C0B8}.Release|Any CPU.Build.0 = Release|Any CPU
		{C7FDB862-E667-4B96-98C6-3D6D1E53C0B8}.Release|Mixed Platforms.ActiveCfg = Release|Any CPU
		{C7FDB862-E667-4B96-98C6-3D6D1E53C0B8}.Release|Mixed Platforms.Build.0 = Release|Any CPU
		{C7FDB862-E667-4B96-98C6-3D6D1E53C0B8}.Release|x86.ActiveCfg = Release|Any CPU
		{F3D209B9-4FFE-47E4-B7E7-C5561F277637}.Debug|Any CPU.ActiveCfg = Debug|Any CPU
		{F3D209B9-4FFE-47E4-B7E7-C5561F277637}.Debug|Any CPU.Build.0 = Debug|Any CPU
		{F3D209B9-4FFE-47E4-B7E7-C5561F277637}.Debug|Mixed Platforms.ActiveCfg = Debug|Any CPU
		{F3D209B9-4FFE-47E4-B7E7-C5561F277637}.Debug|Mixed Platforms.Build.0 = Debug|Any CPU
		{F3D209B9-4FFE-47E4-B7E7-C5561F277637}.Debug|x86.ActiveCfg = Debug|Any CPU
		{F3D209B9-4FFE-47E4-B7E7-C5561F277637}.Release|Any CPU.ActiveCfg = Release|Any CPU
		{F3D209B9-4FFE-47E4-B7E7-C5561F277637}.Release|Any CPU.Build.0 = Release|Any CPU
		{F3D209B9-4FFE-47E4-B7E7-C5561F277637}.Release|Mixed Platforms.ActiveCfg = Release|Any CPU
		{F3D209B9-4FFE-47E4-B7E7-C5561F277637}.Release|Mixed Platforms.Build.0 = Release|Any CPU
		{F3D209B9-4FFE-47E4-B7E7-C5561F277637}.Release|x86.ActiveCfg = Release|Any CPU
	EndGlobalSection
	GlobalSection(SolutionProperties) = preSolution
		HideSolutionNode = FALSE
	EndGlobalSection
	GlobalSection(NestedProjects) = preSolution
		{F4880FBF-507E-40C1-97F1-5BDBFABD930C} = {1A04D37E-56C8-4D8B-989E-A3DB4031C90C}
		{F530A9F0-214C-43D2-9A03-952BA3619BED} = {1A04D37E-56C8-4D8B-989E-A3DB4031C90C}
		{C8863E5C-3BB5-428F-8848-6D5686DE41DE} = {1A04D37E-56C8-4D8B-989E-A3DB4031C90C}
		{C222F80E-66CC-4888-9283-EF440C8973A8} = {1A04D37E-56C8-4D8B-989E-A3DB4031C90C}
	EndGlobalSection
EndGlobal
